
Microsoft Visual Studio Solution File, Format Version 12.00
# Visual Studio Version 17
VisualStudioVersion = 17.3.32811.315
MinimumVisualStudioVersion = 10.0.40219.1
Project("{FAE04EC0-301F-11D3-BF4B-00C04F79EFBC}") = "Webnovel", "Webnovel\Webnovel.csproj", "{5464D2DA-D102-4181-885D-A46C3C4458DA}"
EndProject
Global
	GlobalSection(SolutionConfigurationPlatforms) = preSolution
		Debug|Any CPU = Debug|Any CPU
		Release|Any CPU = Release|Any CPU
	EndGlobalSection
	GlobalSection(ProjectConfigurationPlatforms) = postSolution
		{5464D2DA-D102-4181-885D-A46C3C4458DA}.Debug|Any CPU.ActiveCfg = Debug|Any CPU
		{5464D2DA-D102-4181-885D-A46C3C4458DA}.Debug|Any CPU.Build.0 = Debug|Any CPU
		{5464D2DA-D102-4181-885D-A46C3C4458DA}.Release|Any CPU.ActiveCfg = Release|Any CPU
		{5464D2DA-D102-4181-885D-A46C3C4458DA}.Release|Any CPU.Build.0 = Release|Any CPU
	EndGlobalSection
	GlobalSection(SolutionProperties) = preSolution
		HideSolutionNode = FALSE
	EndGlobalSection
	GlobalSection(ExtensibilityGlobals) = postSolution
		SolutionGuid = {7F0D4B21-6057-4D35-BCB9-B236E2DE629D}
	EndGlobalSection
EndGlobal
